
Microsoft Visual Studio Solution File, Format Version 12.00
# Visual Studio Version 17
VisualStudioVersion = 17.1.32210.238
MinimumVisualStudioVersion = 10.0.40219.1
Project("{FAE04EC0-301F-11D3-BF4B-00C04F79EFBC}") = "ApartmanYönetimSistemi", "ApartmanYönetimSistemi\ApartmanYönetimSistemi.csproj", "{6B73F422-0A9E-41E5-A0D8-014237C21D31}"
EndProject
Global
	GlobalSection(SolutionConfigurationPlatforms) = preSolution
		Debug|Any CPU = Debug|Any CPU
		Release|Any CPU = Release|Any CPU
	EndGlobalSection
	GlobalSection(ProjectConfigurationPlatforms) = postSolution
		{6B73F422-0A9E-41E5-A0D8-014237C21D31}.Debug|Any CPU.ActiveCfg = Debug|Any CPU
		{6B73F422-0A9E-41E5-A0D8-014237C21D31}.Debug|Any CPU.Build.0 = Debug|Any CPU
		{6B73F422-0A9E-41E5-A0D8-014237C21D31}.Release|Any CPU.ActiveCfg = Release|Any CPU
		{6B73F422-0A9E-41E5-A0D8-014237C21D31}.Release|Any CPU.Build.0 = Release|Any CPU
	EndGlobalSection
	GlobalSection(SolutionProperties) = preSolution
		HideSolutionNode = FALSE
	EndGlobalSection
	GlobalSection(ExtensibilityGlobals) = postSolution
		SolutionGuid = {F9B8C9C2-66B6-4351-871B-51D352C6D62E}
	EndGlobalSection
EndGlobal
